// !$*UTF8*$!
{
	archiveVersion = 1;
	classes = {
	};
	objectVersion = 46;
	objects = {

/* Begin PBXBuildFile section */
		00FE4E7E187CFA00002AB668 /* Foundation.framework in Frameworks */ = {isa = PBXBuildFile; fileRef = 00FE4E7D187CFA00002AB668 /* Foundation.framework */; };
		00FE4E80187CFA00002AB668 /* CoreGraphics.framework in Frameworks */ = {isa = PBXBuildFile; fileRef = 00FE4E7F187CFA00002AB668 /* CoreGraphics.framework */; };
		00FE4E82187CFA00002AB668 /* UIKit.framework in Frameworks */ = {isa = PBXBuildFile; fileRef = 00FE4E81187CFA00002AB668 /* UIKit.framework */; };
		00FE4E88187CFA00002AB668 /* InfoPlist.strings in Resources */ = {isa = PBXBuildFile; fileRef = 00FE4E86187CFA00002AB668 /* InfoPlist.strings */; };
		00FE4E8A187CFA00002AB668 /* main.m in Sources */ = {isa = PBXBuildFile; fileRef = 00FE4E89187CFA00002AB668 /* main.m */; };
		00FE4E8E187CFA00002AB668 /* AppDelegate.m in Sources */ = {isa = PBXBuildFile; fileRef = 00FE4E8D187CFA00002AB668 /* AppDelegate.m */; };
		00FE4E91187CFA00002AB668 /* Main.storyboard in Resources */ = {isa = PBXBuildFile; fileRef = 00FE4E8F187CFA00002AB668 /* Main.storyboard */; };
		00FE4E94187CFA00002AB668 /* ViewController.m in Sources */ = {isa = PBXBuildFile; fileRef = 00FE4E93187CFA00002AB668 /* ViewController.m */; };
		00FE4E96187CFA00002AB668 /* Images.xcassets in Resources */ = {isa = PBXBuildFile; fileRef = 00FE4E95187CFA00002AB668 /* Images.xcassets */; };
		00FE4E9D187CFA00002AB668 /* XCTest.framework in Frameworks */ = {isa = PBXBuildFile; fileRef = 00FE4E9C187CFA00002AB668 /* XCTest.framework */; };
		00FE4E9E187CFA00002AB668 /* Foundation.framework in Frameworks */ = {isa = PBXBuildFile; fileRef = 00FE4E7D187CFA00002AB668 /* Foundation.framework */; };
		00FE4E9F187CFA00002AB668 /* UIKit.framework in Frameworks */ = {isa = PBXBuildFile; fileRef = 00FE4E81187CFA00002AB668 /* UIKit.framework */; };
		00FE4EA7187CFA00002AB668 /* InfoPlist.strings in Resources */ = {isa = PBXBuildFile; fileRef = 00FE4EA5187CFA00002AB668 /* InfoPlist.strings */; };
		00FE4EA9187CFA00002AB668 /* _02pTests.m in Sources */ = {isa = PBXBuildFile; fileRef = 00FE4EA8187CFA00002AB668 /* _02pTests.m */; };
		00FE4EB4187CFA22002AB668 /* ProductCell.m in Sources */ = {isa = PBXBuildFile; fileRef = 00FE4EB3187CFA22002AB668 /* ProductCell.m */; };
		00FE4EB7187CFA36002AB668 /* Product.m in Sources */ = {isa = PBXBuildFile; fileRef = 00FE4EB6187CFA36002AB668 /* Product.m */; };
		00FE4EBD187CFBA8002AB668 /* Baseball.png in Resources */ = {isa = PBXBuildFile; fileRef = 00FE4EB8187CFBA8002AB668 /* Baseball.png */; };
		00FE4EBE187CFBA8002AB668 /* Basketball.png in Resources */ = {isa = PBXBuildFile; fileRef = 00FE4EB9187CFBA8002AB668 /* Basketball.png */; };
		00FE4EBF187CFBA8002AB668 /* Football.png in Resources */ = {isa = PBXBuildFile; fileRef = 00FE4EBA187CFBA8002AB668 /* Football.png */; };
		00FE4EC0187CFBA8002AB668 /* Rugby.png in Resources */ = {isa = PBXBuildFile; fileRef = 00FE4EBB187CFBA8002AB668 /* Rugby.png */; };
		00FE4EC1187CFBA8002AB668 /* Volleyball.png in Resources */ = {isa = PBXBuildFile; fileRef = 00FE4EBC187CFBA8002AB668 /* Volleyball.png */; };
/* End PBXBuildFile section */

/* Begin PBXContainerItemProxy section */
		00FE4EA0187CFA00002AB668 /* PBXContainerItemProxy */ = {
			isa = PBXContainerItemProxy;
			containerPortal = 00FE4E72187CFA00002AB668 /* Project object */;
			proxyType = 1;
			remoteGlobalIDString = 00FE4E79187CFA00002AB668;
			remoteInfo = 202p;
		};
/* End PBXContainerItemProxy section */

/* Begin PBXFileReference section */
		00FE4E7A187CFA00002AB668 /* 202p.app */ = {isa = PBXFileReference; explicitFileType = wrapper.application; includeInIndex = 0; path = 202p.app; sourceTree = BUILT_PRODUCTS_DIR; };
		00FE4E7D187CFA00002AB668 /* Foundation.framework */ = {isa = PBXFileReference; lastKnownFileType = wrapper.framework; name = Foundation.framework; path = System/Library/Frameworks/Foundation.framework; sourceTree = SDKROOT; };
		00FE4E7F187CFA00002AB668 /* CoreGraphics.framework */ = {isa = PBXFileReference; lastKnownFileType = wrapper.framework; name = CoreGraphics.framework; path = System/Library/Frameworks/CoreGraphics.framework; sourceTree = SDKROOT; };
		00FE4E81187CFA00002AB668 /* UIKit.framework */ = {isa = PBXFileReference; lastKnownFileType = wrapper.framework; name = UIKit.framework; path = System/Library/Frameworks/UIKit.framework; sourceTree = SDKROOT; };
		00FE4E85187CFA00002AB668 /* 202p-Info.plist */ = {isa = PBXFileReference; lastKnownFileType = text.plist.xml; path = "202p-Info.plist"; sourceTree = "<group>"; };
		00FE4E87187CFA00002AB668 /* en */ = {isa = PBXFileReference; lastKnownFileType = text.plist.strings; name = en; path = en.lproj/InfoPlist.strings; sourceTree = "<group>"; };
		00FE4E89187CFA00002AB668 /* main.m */ = {isa = PBXFileReference; lastKnownFileType = sourcecode.c.objc; path = main.m; sourceTree = "<group>"; };
		00FE4E8B187CFA00002AB668 /* 202p-Prefix.pch */ = {isa = PBXFileReference; lastKnownFileType = sourcecode.c.h; path = "202p-Prefix.pch"; sourceTree = "<group>"; };
		00FE4E8C187CFA00002AB668 /* AppDelegate.h */ = {isa = PBXFileReference; lastKnownFileType = sourcecode.c.h; path = AppDelegate.h; sourceTree = "<group>"; };
		00FE4E8D187CFA00002AB668 /* AppDelegate.m */ = {isa = PBXFileReference; lastKnownFileType = sourcecode.c.objc; path = AppDelegate.m; sourceTree = "<group>"; };
		00FE4E90187CFA00002AB668 /* Base */ = {isa = PBXFileReference; lastKnownFileType = file.storyboard; name = Base; path = Base.lproj/Main.storyboard; sourceTree = "<group>"; };
		00FE4E92187CFA00002AB668 /* ViewController.h */ = {isa = PBXFileReference; lastKnownFileType = sourcecode.c.h; path = ViewController.h; sourceTree = "<group>"; };
		00FE4E93187CFA00002AB668 /* ViewController.m */ = {isa = PBXFileReference; lastKnownFileType = sourcecode.c.objc; path = ViewController.m; sourceTree = "<group>"; };
		00FE4E95187CFA00002AB668 /* Images.xcassets */ = {isa = PBXFileReference; lastKnownFileType = folder.assetcatalog; path = Images.xcassets; sourceTree = "<group>"; };
		00FE4E9B187CFA00002AB668 /* 202pTests.xctest */ = {isa = PBXFileReference; explicitFileType = wrapper.cfbundle; includeInIndex = 0; path = 202pTests.xctest; sourceTree = BUILT_PRODUCTS_DIR; };
		00FE4E9C187CFA00002AB668 /* XCTest.framework */ = {isa = PBXFileReference; lastKnownFileType = wrapper.framework; name = XCTest.framework; path = Library/Frameworks/XCTest.framework; sourceTree = DEVELOPER_DIR; };
		00FE4EA4187CFA00002AB668 /* 202pTests-Info.plist */ = {isa = PBXFileReference; lastKnownFileType = text.plist.xml; path = "202pTests-Info.plist"; sourceTree = "<group>"; };
		00FE4EA6187CFA00002AB668 /* en */ = {isa = PBXFileReference; lastKnownFileType = text.plist.strings; name = en; path = en.lproj/InfoPlist.strings; sourceTree = "<group>"; };
		00FE4EA8187CFA00002AB668 /* _02pTests.m */ = {isa = PBXFileReference; lastKnownFileType = sourcecode.c.objc; path = _02pTests.m; sourceTree = "<group>"; };
		00FE4EB2187CFA22002AB668 /* ProductCell.h */ = {isa = PBXFileReference; fileEncoding = 4; lastKnownFileType = sourcecode.c.h; path = ProductCell.h; sourceTree = "<group>"; };
		00FE4EB3187CFA22002AB668 /* ProductCell.m */ = {isa = PBXFileReference; fileEncoding = 4; lastKnownFileType = sourcecode.c.objc; path = ProductCell.m; sourceTree = "<group>"; };
		00FE4EB5187CFA36002AB668 /* Product.h */ = {isa = PBXFileReference; fileEncoding = 4; lastKnownFileType = sourcecode.c.h; path = Product.h; sourceTree = "<group>"; };
		00FE4EB6187CFA36002AB668 /* Product.m */ = {isa = PBXFileReference; fileEncoding = 4; lastKnownFileType = sourcecode.c.objc; path = Product.m; sourceTree = "<group>"; };
		00FE4EB8187CFBA8002AB668 /* Baseball.png */ = {isa = PBXFileReference; lastKnownFileType = image.png; path = Baseball.png; sourceTree = "<group>"; };
		00FE4EB9187CFBA8002AB668 /* Basketball.png */ = {isa = PBXFileReference; lastKnownFileType = image.png; path = Basketball.png; sourceTree = "<group>"; };
		00FE4EBA187CFBA8002AB668 /* Football.png */ = {isa = PBXFileReference; lastKnownFileType = image.png; path = Football.png; sourceTree = "<group>"; };
		00FE4EBB187CFBA8002AB668 /* Rugby.png */ = {isa = PBXFileReference; lastKnownFileType = image.png; path = Rugby.png; sourceTree = "<group>"; };
		00FE4EBC187CFBA8002AB668 /* Volleyball.png */ = {isa = PBXFileReference; lastKnownFileType = image.png; path = Volleyball.png; sourceTree = "<group>"; };
		00FE4EC2187CFC65002AB668 /* CartDelegate.h */ = {isa = PBXFileReference; lastKnownFileType = sourcecode.c.h; path = CartDelegate.h; sourceTree = "<group>"; };
/* End PBXFileReference section */

/* Begin PBXFrameworksBuildPhase section */
		00FE4E77187CFA00002AB668 /* Frameworks */ = {
			isa = PBXFrameworksBuildPhase;
			buildActionMask = 2147483647;
			files = (
				00FE4E80187CFA00002AB668 /* CoreGraphics.framework in Frameworks */,
				00FE4E82187CFA00002AB668 /* UIKit.framework in Frameworks */,
				00FE4E7E187CFA00002AB668 /* Foundation.framework in Frameworks */,
			);
			runOnlyForDeploymentPostprocessing = 0;
		};
		00FE4E98187CFA00002AB668 /* Frameworks */ = {
			isa = PBXFrameworksBuildPhase;
			buildActionMask = 2147483647;
			files = (
				00FE4E9D187CFA00002AB668 /* XCTest.framework in Frameworks */,
				00FE4E9F187CFA00002AB668 /* UIKit.framework in Frameworks */,
				00FE4E9E187CFA00002AB668 /* Foundation.framework in Frameworks */,
			);
			runOnlyForDeploymentPostprocessing = 0;
		};
/* End PBXFrameworksBuildPhase section */

/* Begin PBXGroup section */
		00FE4E71187CFA00002AB668 = {
			isa = PBXGroup;
			children = (
				00FE4E83187CFA00002AB668 /* 202p */,
				00FE4EA2187CFA00002AB668 /* 202pTests */,
				00FE4E7C187CFA00002AB668 /* Frameworks */,
				00FE4E7B187CFA00002AB668 /* Products */,
			);
			sourceTree = "<group>";
		};
		00FE4E7B187CFA00002AB668 /* Products */ = {
			isa = PBXGroup;
			children = (
				00FE4E7A187CFA00002AB668 /* 202p.app */,
				00FE4E9B187CFA00002AB668 /* 202pTests.xctest */,
			);
			name = Products;
			sourceTree = "<group>";
		};
		00FE4E7C187CFA00002AB668 /* Frameworks */ = {
			isa = PBXGroup;
			children = (
				00FE4E7D187CFA00002AB668 /* Foundation.framework */,
				00FE4E7F187CFA00002AB668 /* CoreGraphics.framework */,
				00FE4E81187CFA00002AB668 /* UIKit.framework */,
				00FE4E9C187CFA00002AB668 /* XCTest.framework */,
			);
			name = Frameworks;
			sourceTree = "<group>";
		};
		00FE4E83187CFA00002AB668 /* 202p */ = {
			isa = PBXGroup;
			children = (
				00FE4E8C187CFA00002AB668 /* AppDelegate.h */,
				00FE4E8D187CFA00002AB668 /* AppDelegate.m */,
				00FE4E8F187CFA00002AB668 /* Main.storyboard */,
				00FE4E92187CFA00002AB668 /* ViewController.h */,
				00FE4E93187CFA00002AB668 /* ViewController.m */,
				00FE4E95187CFA00002AB668 /* Images.xcassets */,
				00FE4E84187CFA00002AB668 /* Supporting Files */,
			);
			path = 202p;
			sourceTree = "<group>";
		};
		00FE4E84187CFA00002AB668 /* Supporting Files */ = {
			isa = PBXGroup;
			children = (
				00FE4EB8187CFBA8002AB668 /* Baseball.png */,
				00FE4EB9187CFBA8002AB668 /* Basketball.png */,
				00FE4EBA187CFBA8002AB668 /* Football.png */,
				00FE4EBB187CFBA8002AB668 /* Rugby.png */,
				00FE4EBC187CFBA8002AB668 /* Volleyball.png */,
				00FE4E85187CFA00002AB668 /* 202p-Info.plist */,
				00FE4E86187CFA00002AB668 /* InfoPlist.strings */,
				00FE4E89187CFA00002AB668 /* main.m */,
				00FE4E8B187CFA00002AB668 /* 202p-Prefix.pch */,
				00FE4EB2187CFA22002AB668 /* ProductCell.h */,
				00FE4EB3187CFA22002AB668 /* ProductCell.m */,
				00FE4EB5187CFA36002AB668 /* Product.h */,
				00FE4EB6187CFA36002AB668 /* Product.m */,
				00FE4EC2187CFC65002AB668 /* CartDelegate.h */,
			);
			name = "Supporting Files";
			sourceTree = "<group>";
		};
		00FE4EA2187CFA00002AB668 /* 202pTests */ = {
			isa = PBXGroup;
			children = (
				00FE4EA8187CFA00002AB668 /* _02pTests.m */,
				00FE4EA3187CFA00002AB668 /* Supporting Files */,
			);
			path = 202pTests;
			sourceTree = "<group>";
		};
		00FE4EA3187CFA00002AB668 /* Supporting Files */ = {
			isa = PBXGroup;
			children = (
				00FE4EA4187CFA00002AB668 /* 202pTests-Info.plist */,
				00FE4EA5187CFA00002AB668 /* InfoPlist.strings */,
			);
			name = "Supporting Files";
			sourceTree = "<group>";
		};
/* End PBXGroup section */

/* Begin PBXNativeTarget section */
		00FE4E79187CFA00002AB668 /* 202p */ = {
			isa = PBXNativeTarget;
			buildConfigurationList = 00FE4EAC187CFA00002AB668 /* Build configuration list for PBXNativeTarget "202p" */;
			buildPhases = (
				00FE4E76187CFA00002AB668 /* Sources */,
				00FE4E77187CFA00002AB668 /* Frameworks */,
				00FE4E78187CFA00002AB668 /* Resources */,
			);
			buildRules = (
			);
			dependencies = (
			);
			name = 202p;
			productName = 202p;
			productReference = 00FE4E7A187CFA00002AB668 /* 202p.app */;
			productType = "com.apple.product-type.application";
		};
		00FE4E9A187CFA00002AB668 /* 202pTests */ = {
			isa = PBXNativeTarget;
			buildConfigurationList = 00FE4EAF187CFA00002AB668 /* Build configuration list for PBXNativeTarget "202pTests" */;
			buildPhases = (
				00FE4E97187CFA00002AB668 /* Sources */,
				00FE4E98187CFA00002AB668 /* Frameworks */,
				00FE4E99187CFA00002AB668 /* Resources */,
			);
			buildRules = (
			);
			dependencies = (
				00FE4EA1187CFA00002AB668 /* PBXTargetDependency */,
			);
			name = 202pTests;
			productName = 202pTests;
			productReference = 00FE4E9B187CFA00002AB668 /* 202pTests.xctest */;
			productType = "com.apple.product-type.bundle.unit-test";
		};
/* End PBXNativeTarget section */

/* Begin PBXProject section */
		00FE4E72187CFA00002AB668 /* Project object */ = {
			isa = PBXProject;
			attributes = {
				LastUpgradeCheck = 0500;
				ORGANIZATIONNAME = "SDT-1";
				TargetAttributes = {
					00FE4E9A187CFA00002AB668 = {
						TestTargetID = 00FE4E79187CFA00002AB668;
					};
				};
			};
			buildConfigurationList = 00FE4E75187CFA00002AB668 /* Build configuration list for PBXProject "202p" */;
			compatibilityVersion = "Xcode 3.2";
			developmentRegion = English;
			hasScannedForEncodings = 0;
			knownRegions = (
				en,
				Base,
			);
			mainGroup = 00FE4E71187CFA00002AB668;
			productRefGroup = 00FE4E7B187CFA00002AB668 /* Products */;
			projectDirPath = "";
			projectRoot = "";
			targets = (
				00FE4E79187CFA00002AB668 /* 202p */,
				00FE4E9A187CFA00002AB668 /* 202pTests */,
			);
		};
/* End PBXProject section */

/* Begin PBXResourcesBuildPhase section */
		00FE4E78187CFA00002AB668 /* Resources */ = {
			isa = PBXResourcesBuildPhase;
			buildActionMask = 2147483647;
			files = (
				00FE4E96187CFA00002AB668 /* Images.xcassets in Resources */,
				00FE4EC0187CFBA8002AB668 /* Rugby.png in Resources */,
				00FE4EBD187CFBA8002AB668 /* Baseball.png in Resources */,
				00FE4EBF187CFBA8002AB668 /* Football.png in Resources */,
				00FE4E88187CFA00002AB668 /* InfoPlist.strings in Resources */,
				00FE4E91187CFA00002AB668 /* Main.storyboard in Resources */,
				00FE4EBE187CFBA8002AB668 /* Basketball.png in Resources */,
				00FE4EC1187CFBA8002AB668 /* Volleyball.png in Resources */,
			);
			runOnlyForDeploymentPostprocessing = 0;
		};
		00FE4E99187CFA00002AB668 /* Resources */ = {
			isa = PBXResourcesBuildPhase;
			buildActionMask = 2147483647;
			files = (
				00FE4EA7187CFA00002AB668 /* InfoPlist.strings in Resources */,
			);
			runOnlyForDeploymentPostprocessing = 0;
		};
/* End PBXResourcesBuildPhase section */

/* Begin PBXSourcesBuildPhase section */
		00FE4E76187CFA00002AB668 /* Sources */ = {
			isa = PBXSourcesBuildPhase;
			buildActionMask = 2147483647;
			files = (
				00FE4E94187CFA00002AB668 /* ViewController.m in Sources */,
				00FE4EB7187CFA36002AB668 /* Product.m in Sources */,
				00FE4EB4187CFA22002AB668 /* ProductCell.m in Sources */,
				00FE4E8E187CFA00002AB668 /* AppDelegate.m in Sources */,
				00FE4E8A187CFA00002AB668 /* main.m in Sources */,
			);
			runOnlyForDeploymentPostprocessing = 0;
		};
		00FE4E97187CFA00002AB668 /* Sources */ = {
			isa = PBXSourcesBuildPhase;
			buildActionMask = 2147483647;
			files = (
				00FE4EA9187CFA00002AB668 /* _02pTests.m in Sources */,
			);
			runOnlyForDeploymentPostprocessing = 0;
		};
/* End PBXSourcesBuildPhase section */

/* Begin PBXTargetDependency section */
		00FE4EA1187CFA00002AB668 /* PBXTargetDependency */ = {
			isa = PBXTargetDependency;
			target = 00FE4E79187CFA00002AB668 /* 202p */;
			targetProxy = 00FE4EA0187CFA00002AB668 /* PBXContainerItemProxy */;
		};
/* End PBXTargetDependency section */

/* Begin PBXVariantGroup section */
		00FE4E86187CFA00002AB668 /* InfoPlist.strings */ = {
			isa = PBXVariantGroup;
			children = (
				00FE4E87187CFA00002AB668 /* en */,
			);
			name = InfoPlist.strings;
			sourceTree = "<group>";
		};
		00FE4E8F187CFA00002AB668 /* Main.storyboard */ = {
			isa = PBXVariantGroup;
			children = (
				00FE4E90187CFA00002AB668 /* Base */,
			);
			name = Main.storyboard;
			sourceTree = "<group>";
		};
		00FE4EA5187CFA00002AB668 /* InfoPlist.strings */ = {
			isa = PBXVariantGroup;
			children = (
				00FE4EA6187CFA00002AB668 /* en */,
			);
			name = InfoPlist.strings;
			sourceTree = "<group>";
		};
/* End PBXVariantGroup section */

/* Begin XCBuildConfiguration section */
		00FE4EAA187CFA00002AB668 /* Debug */ = {
			isa = XCBuildConfiguration;
			buildSettings = {
				ALWAYS_SEARCH_USER_PATHS = NO;
				ARCHS = "$(ARCHS_STANDARD_INCLUDING_64_BIT)";
				CLANG_CXX_LANGUAGE_STANDARD = "gnu++0x";
				CLANG_CXX_LIBRARY = "libc++";
				CLANG_ENABLE_MODULES = YES;
				CLANG_ENABLE_OBJC_ARC = YES;
				CLANG_WARN_BOOL_CONVERSION = YES;
				CLANG_WARN_CONSTANT_CONVERSION = YES;
				CLANG_WARN_DIRECT_OBJC_ISA_USAGE = YES_ERROR;
				CLANG_WARN_EMPTY_BODY = YES;
				CLANG_WARN_ENUM_CONVERSION = YES;
				CLANG_WARN_INT_CONVERSION = YES;
				CLANG_WARN_OBJC_ROOT_CLASS = YES_ERROR;
				CLANG_WARN__DUPLICATE_METHOD_MATCH = YES;
				"CODE_SIGN_IDENTITY[sdk=iphoneos*]" = "iPhone Developer";
				COPY_PHASE_STRIP = NO;
				GCC_C_LANGUAGE_STANDARD = gnu99;
				GCC_DYNAMIC_NO_PIC = NO;
				GCC_OPTIMIZATION_LEVEL = 0;
				GCC_PREPROCESSOR_DEFINITIONS = (
					"DEBUG=1",
					"$(inherited)",
				);
				GCC_SYMBOLS_PRIVATE_EXTERN = NO;
				GCC_WARN_64_TO_32_BIT_CONVERSION = YES;
				GCC_WARN_ABOUT_RETURN_TYPE = YES_ERROR;
				GCC_WARN_UNDECLARED_SELECTOR = YES;
				GCC_WARN_UNINITIALIZED_AUTOS = YES;
				GCC_WARN_UNUSED_FUNCTION = YES;
				GCC_WARN_UNUSED_VARIABLE = YES;
				IPHONEOS_DEPLOYMENT_TARGET = 7.0;
				ONLY_ACTIVE_ARCH = YES;
				SDKROOT = iphoneos;
			};
			name = Debug;
		};
		00FE4EAB187CFA00002AB668 /* Release */ = {
			isa = XCBuildConfiguration;
			buildSettings = {
				ALWAYS_SEARCH_USER_PATHS = NO;
				ARCHS = "$(ARCHS_STANDARD_INCLUDING_64_BIT)";
				CLANG_CXX_LANGUAGE_STANDARD = "gnu++0x";
				CLANG_CXX_LIBRARY = "libc++";
				CLANG_ENABLE_MODULES = YES;
				CLANG_ENABLE_OBJC_ARC = YES;
				CLANG_WARN_BOOL_CONVERSION = YES;
				CLANG_WARN_CONSTANT_CONVERSION = YES;
				CLANG_WARN_DIRECT_OBJC_ISA_USAGE = YES_ERROR;
				CLANG_WARN_EMPTY_BODY = YES;
				CLANG_WARN_ENUM_CONVERSION = YES;
				CLANG_WARN_INT_CONVERSION = YES;
				CLANG_WARN_OBJC_ROOT_CLASS = YES_ERROR;
				CLANG_WARN__DUPLICATE_METHOD_MATCH = YES;
				"CODE_SIGN_IDENTITY[sdk=iphoneos*]" = "iPhone Developer";
				COPY_PHASE_STRIP = YES;
				ENABLE_NS_ASSERTIONS = NO;
				GCC_C_LANGUAGE_STANDARD = gnu99;
				GCC_WARN_64_TO_32_BIT_CONVERSION = YES;
				GCC_WARN_ABOUT_RETURN_TYPE = YES_ERROR;
				GCC_WARN_UNDECLARED_SELECTOR = YES;
				GCC_WARN_UNINITIALIZED_AUTOS = YES;
				GCC_WARN_UNUSED_FUNCTION = YES;
				GCC_WARN_UNUSED_VARIABLE = YES;
				IPHONEOS_DEPLOYMENT_TARGET = 7.0;
				SDKROOT = iphoneos;
				VALIDATE_PRODUCT = YES;
			};
			name = Release;
		};
		00FE4EAD187CFA00002AB668 /* Debug */ = {
			isa = XCBuildConfiguration;
			buildSettings = {
				ASSETCATALOG_COMPILER_APPICON_NAME = AppIcon;
				ASSETCATALOG_COMPILER_LAUNCHIMAGE_NAME = LaunchImage;
				GCC_PRECOMPILE_PREFIX_HEADER = YES;
				GCC_PREFIX_HEADER = "202p/202p-Prefix.pch";
				INFOPLIST_FILE = "202p/202p-Info.plist";
				PRODUCT_NAME = "$(TARGET_NAME)";
				WRAPPER_EXTENSION = app;
			};
			name = Debug;
		};
		00FE4EAE187CFA00002AB668 /* Release */ = {
			isa = XCBuildConfiguration;
			buildSettings = {
				ASSETCATALOG_COMPILER_APPICON_NAME = AppIcon;
				ASSETCATALOG_COMPILER_LAUNCHIMAGE_NAME = LaunchImage;
				GCC_PRECOMPILE_PREFIX_HEADER = YES;
				GCC_PREFIX_HEADER = "202p/202p-Prefix.pch";
				INFOPLIST_FILE = "202p/202p-Info.plist";
				PRODUCT_NAME = "$(TARGET_NAME)";
				WRAPPER_EXTENSION = app;
			};
			name = Release;
		};
		00FE4EB0187CFA00002AB668 /* Debug */ = {
			isa = XCBuildConfiguration;
			buildSettings = {
				ARCHS = "$(ARCHS_STANDARD_INCLUDING_64_BIT)";
				BUNDLE_LOADER = "$(BUILT_PRODUCTS_DIR)/202p.app/202p";
				FRAMEWORK_SEARCH_PATHS = (
					"$(SDKROOT)/Developer/Library/Frameworks",
					"$(inherited)",
					"$(DEVELOPER_FRAMEWORKS_DIR)",
				);
				GCC_PRECOMPILE_PREFIX_HEADER = YES;
				GCC_PREFIX_HEADER = "202p/202p-Prefix.pch";
				GCC_PREPROCESSOR_DEFINITIONS = (
					"DEBUG=1",
					"$(inherited)",
				);
				INFOPLIST_FILE = "202pTests/202pTests-Info.plist";
				PRODUCT_NAME = "$(TARGET_NAME)";
				TEST_HOST = "$(BUNDLE_LOADER)";
				WRAPPER_EXTENSION = xctest;
			};
			name = Debug;
		};
		00FE4EB1187CFA00002AB668 /* Release */ = {
			isa = XCBuildConfiguration;
			buildSettings = {
				ARCHS = "$(ARCHS_STANDARD_INCLUDING_64_BIT)";
				BUNDLE_LOADER = "$(BUILT_PRODUCTS_DIR)/202p.app/202p";
				FRAMEWORK_SEARCH_PATHS = (
					"$(SDKROOT)/Developer/Library/Frameworks",
					"$(inherited)",
					"$(DEVELOPER_FRAMEWORKS_DIR)",
				);
				GCC_PRECOMPILE_PREFIX_HEADER = YES;
				GCC_PREFIX_HEADER = "202p/202p-Prefix.pch";
				INFOPLIST_FILE = "202pTests/202pTests-Info.plist";
				PRODUCT_NAME = "$(TARGET_NAME)";
				TEST_HOST = "$(BUNDLE_LOADER)";
				WRAPPER_EXTENSION = xctest;
			};
			name = Release;
		};
/* End XCBuildConfiguration section */

/* Begin XCConfigurationList section */
		00FE4E75187CFA00002AB668 /* Build configuration list for PBXProject "202p" */ = {
			isa = XCConfigurationList;
			buildConfigurations = (
				00FE4EAA187CFA00002AB668 /* Debug */,
				00FE4EAB187CFA00002AB668 /* Release */,
			);
			defaultConfigurationIsVisible = 0;
			defaultConfigurationName = Release;
		};
		00FE4EAC187CFA00002AB668 /* Build configuration list for PBXNativeTarget "202p" */ = {
			isa = XCConfigurationList;
			buildConfigurations = (
				00FE4EAD187CFA00002AB668 /* Debug */,
				00FE4EAE187CFA00002AB668 /* Release */,
			);
			defaultConfigurationIsVisible = 0;
		};
		00FE4EAF187CFA00002AB668 /* Build configuration list for PBXNativeTarget "202pTests" */ = {
			isa = XCConfigurationList;
			buildConfigurations = (
				00FE4EB0187CFA00002AB668 /* Debug */,
				00FE4EB1187CFA00002AB668 /* Release */,
			);
			defaultConfigurationIsVisible = 0;
		};
/* End XCConfigurationList section */
	};
	rootObject = 00FE4E72187CFA00002AB668 /* Project object */;
}
